Microsoft Visual Studio Solution File, Format Version 12.00
# Visual Studio Version 17
VisualStudioVersion = 17.13.35919.96
MinimumVisualStudioVersion = 10.0.40219.1
Project("{FAE04EC0-301F-11D3-BF4B-00C04F79EFBC}") = "FinanceTrackerClient", "FinanceTrackerClient\FinanceTrackerClient.csproj", "{8EA991FB-B485-4E84-A0C5-FC3F3A32BC90}"
EndProject
Global
	GlobalSection(SolutionConfigurationPlatforms) = preSolution
		Debug|Any CPU = Debug|Any CPU
		Release|Any CPU = Release|Any CPU
	EndGlobalSection
	GlobalSection(ProjectConfigurationPlatforms) = postSolution
		{8EA991FB-B485-4E84-A0C5-FC3F3A32BC90}.Debug|Any CPU.ActiveCfg = Debug|Any CPU
		{8EA991FB-B485-4E84-A0C5-FC3F3A32BC90}.Debug|Any CPU.Build.0 = Debug|Any CPU
		{8EA991FB-B485-4E84-A0C5-FC3F3A32BC90}.Release|Any CPU.ActiveCfg = Release|Any CPU
		{8EA991FB-B485-4E84-A0C5-FC3F3A32BC90}.Release|Any CPU.Build.0 = Release|Any CPU
	EndGlobalSection
	GlobalSection(SolutionProperties) = preSolution
		HideSolutionNode = FALSE
	EndGlobalSection
	GlobalSection(ExtensibilityGlobals) = postSolution
		SolutionGuid = {89A4E470-7EAA-4C07-B380-C824FE176666}
	EndGlobalSection
EndGlobal
